# Downloaded ARM64 CPython 3.11 wheel hashes; generated by prepare_arm64.py.
cffi==2.1.1 --hash=sha256:3311ed60d36f83378794e1009ac6258bafbf81f7888b4caa7b35a521e3f95813
flatbuffers==25.12.19 --hash=sha256:7634f50c427838bb021c2d66a3d1168e9d199b0607e6329399f04846d42e20b4
numpy==2.2.6 --hash=sha256:b64d8d4d17135e00c8e346e0a738deb17e754230d7e0810ac5012750bbd85a5a
onnxruntime==1.29.0 --hash=sha256:16925ef8497e2c07e4b5ae15b504079b3ab3f65e22c58efd10dde0f3caea969a
packaging==26.3 --hash=sha256:d7193f7c8e4e93f444fde0262bf90af30e16fa0ad0ad44cb553c87339b23cd1c
protobuf==7.36.2 --hash=sha256:e11e1f0180583a2af89db6a2ecd9e8dc40aa6d2988ca175bfd0e6d12ea72d74e
psutil==7.2.2 --hash=sha256:b0726cecd84f9474419d67252add4ac0cd9811b04d61123054b9fb6f57df6e9e
pycparser==3.0 --hash=sha256:b727414169a36b7d524c1c3e31839a521725078d7b2ff038656844266160a992
scipy==1.15.3 --hash=sha256:721d6b4ef5dc82ca8968c25b111e307083d7ca9091bc38163fb89243e85e3889
sherpa_onnx==1.13.4 --hash=sha256:7c4a1c178eb801af92f70120128c1f956b5388b9d684f0af2a08614e05dc3047
sherpa-onnx-core==1.13.4 --hash=sha256:b4e4d17eb0d5c569bf4c9effcbc3daef57cf7e2b8418e07ae90f90c9b60b35d5
sounddevice==0.5.5 --hash=sha256:30ff99f6c107f49d25ad16a45cacd8d91c25a1bcdd3e81a206b921a3a6405b1f
soundfile==0.13.1 --hash=sha256:9c9e855f5a4d06ce4213f31918653ab7de0c5a8d8107cd2427e44b42df547deb
